
Microsoft Visual Studio Solution File, Format Version 12.00
# Visual Studio Version 16
VisualStudioVersion = 16.0.31911.196
MinimumVisualStudioVersion = 10.0.40219.1
Project("{9A19103F-16F7-4668-BE54-9A1E7A4F7556}") = "Factorial", "Factorial\Factorial.csproj", "{DD3255CC-FCCD-402B-9CAC-FAEDC0695458}"
EndProject
Project("{9A19103F-16F7-4668-BE54-9A1E7A4F7556}") = "FactorialNet", "FactorialNet\FactorialNet.csproj", "{164883C3-3B8E-4431-86D6-514F8E203DDF}"
EndProject
Project("{9A19103F-16F7-4668-BE54-9A1E7A4F7556}") = "TestFactorial", "TestFactorial\TestFactorial.csproj", "{85BF7868-1F30-449D-B629-33D7A6F40DFC}"
EndProject
Global
	GlobalSection(SolutionConfigurationPlatforms) = preSolution
		Debug|Any CPU = Debug|Any CPU
		Release|Any CPU = Release|Any CPU
	EndGlobalSection
	GlobalSection(ProjectConfigurationPlatforms) = postSolution
		{DD3255CC-FCCD-402B-9CAC-FAEDC0695458}.Debug|Any CPU.ActiveCfg = Debug|Any CPU
		{DD3255CC-FCCD-402B-9CAC-FAEDC0695458}.Debug|Any CPU.Build.0 = Debug|Any CPU
		{DD3255CC-FCCD-402B-9CAC-FAEDC0695458}.Release|Any CPU.ActiveCfg = Release|Any CPU
		{DD3255CC-FCCD-402B-9CAC-FAEDC0695458}.Release|Any CPU.Build.0 = Release|Any CPU
		{164883C3-3B8E-4431-86D6-514F8E203DDF}.Debug|Any CPU.ActiveCfg = Debug|Any CPU
		{164883C3-3B8E-4431-86D6-514F8E203DDF}.Debug|Any CPU.Build.0 = Debug|Any CPU
		{164883C3-3B8E-4431-86D6-514F8E203DDF}.Release|Any CPU.ActiveCfg = Release|Any CPU
		{164883C3-3B8E-4431-86D6-514F8E203DDF}.Release|Any CPU.Build.0 = Release|Any CPU
		{85BF7868-1F30-449D-B629-33D7A6F40DFC}.Debug|Any CPU.ActiveCfg = Debug|Any CPU
		{85BF7868-1F30-449D-B629-33D7A6F40DFC}.Debug|Any CPU.Build.0 = Debug|Any CPU
		{85BF7868-1F30-449D-B629-33D7A6F40DFC}.Release|Any CPU.ActiveCfg = Release|Any CPU
		{85BF7868-1F30-449D-B629-33D7A6F40DFC}.Release|Any CPU.Build.0 = Release|Any CPU
	EndGlobalSection
	GlobalSection(SolutionProperties) = preSolution
		HideSolutionNode = FALSE
	EndGlobalSection
	GlobalSection(ExtensibilityGlobals) = postSolution
		SolutionGuid = {3FDC6D1F-DBEF-4EA1-8813-EC1EE63F5CB7}
	EndGlobalSection
EndGlobal
